
Microsoft Visual Studio Solution File, Format Version 12.00
# Visual Studio Version 16
VisualStudioVersion = 25.0.1703.6
MinimumVisualStudioVersion = 10.0.40219.1
Project("{FAE04EC0-301F-11D3-BF4B-00C04F79EFBC}") = "ProyectoFinal", "ProyectoFinal\ProyectoFinal.csproj", "{C6A0B30A-D03D-4EAE-B094-84DD97E5FD06}"
EndProject
Global
	GlobalSection(SolutionConfigurationPlatforms) = preSolution
		Debug|Any CPU = Debug|Any CPU
		Release|Any CPU = Release|Any CPU
	EndGlobalSection
	GlobalSection(ProjectConfigurationPlatforms) = postSolution
		{C6A0B30A-D03D-4EAE-B094-84DD97E5FD06}.Debug|Any CPU.ActiveCfg = Debug|Any CPU
		{C6A0B30A-D03D-4EAE-B094-84DD97E5FD06}.Debug|Any CPU.Build.0 = Debug|Any CPU
		{C6A0B30A-D03D-4EAE-B094-84DD97E5FD06}.Release|Any CPU.ActiveCfg = Release|Any CPU
		{C6A0B30A-D03D-4EAE-B094-84DD97E5FD06}.Release|Any CPU.Build.0 = Release|Any CPU
	EndGlobalSection
	GlobalSection(SolutionProperties) = preSolution
		HideSolutionNode = FALSE
	EndGlobalSection
	GlobalSection(ExtensibilityGlobals) = postSolution
		SolutionGuid = {820BCB23-10B0-435C-83D7-A5C7A5A14C3C}
	EndGlobalSection
EndGlobal
